
Microsoft Visual Studio Solution File, Format Version 12.00
# Visual Studio Version 16
VisualStudioVersion = 16.0.29411.108
MinimumVisualStudioVersion = 10.0.40219.1
Project("{FAE04EC0-301F-11D3-BF4B-00C04F79EFBC}") = "UDQS", "UDQS\UDQS.csproj", "{F334F07A-1BB8-4761-9844-FEF7455E666F}"
EndProject
Global
	GlobalSection(SolutionConfigurationPlatforms) = preSolution
		Debug|Any CPU = Debug|Any CPU
		Release|Any CPU = Release|Any CPU
	EndGlobalSection
	GlobalSection(ProjectConfigurationPlatforms) = postSolution
		{F334F07A-1BB8-4761-9844-FEF7455E666F}.Debug|Any CPU.ActiveCfg = Debug|Any CPU
		{F334F07A-1BB8-4761-9844-FEF7455E666F}.Debug|Any CPU.Build.0 = Debug|Any CPU
		{F334F07A-1BB8-4761-9844-FEF7455E666F}.Release|Any CPU.ActiveCfg = Release|Any CPU
		{F334F07A-1BB8-4761-9844-FEF7455E666F}.Release|Any CPU.Build.0 = Release|Any CPU
	EndGlobalSection
	GlobalSection(SolutionProperties) = preSolution
		HideSolutionNode = FALSE
	EndGlobalSection
	GlobalSection(ExtensibilityGlobals) = postSolution
		SolutionGuid = {A031012D-564B-47ED-9EF5-050808C8B0BF}
	EndGlobalSection
EndGlobal
